
Microsoft Visual Studio Solution File, Format Version 12.00
# Visual Studio Version 17
VisualStudioVersion = 17.5.002.0
MinimumVisualStudioVersion = 10.0.40219.1
Project("{9A19103F-16F7-4668-BE54-9A1E7A4F7556}") = "Vending", "Vending.csproj", "{ACCCF995-3AEE-44DF-9018-6D49CED6BEF1}"
EndProject
Global
	GlobalSection(SolutionConfigurationPlatforms) = preSolution
		Debug|Any CPU = Debug|Any CPU
		Release|Any CPU = Release|Any CPU
	EndGlobalSection
	GlobalSection(ProjectConfigurationPlatforms) = postSolution
		{ACCCF995-3AEE-44DF-9018-6D49CED6BEF1}.Debug|Any CPU.ActiveCfg = Debug|Any CPU
		{ACCCF995-3AEE-44DF-9018-6D49CED6BEF1}.Debug|Any CPU.Build.0 = Debug|Any CPU
		{ACCCF995-3AEE-44DF-9018-6D49CED6BEF1}.Release|Any CPU.ActiveCfg = Release|Any CPU
		{ACCCF995-3AEE-44DF-9018-6D49CED6BEF1}.Release|Any CPU.Build.0 = Release|Any CPU
	EndGlobalSection
	GlobalSection(SolutionProperties) = preSolution
		HideSolutionNode = FALSE
	EndGlobalSection
	GlobalSection(ExtensibilityGlobals) = postSolution
		SolutionGuid = {1EF9F81D-BB6F-4E88-9E8C-FA4497E199D3}
	EndGlobalSection
EndGlobal
