
Microsoft Visual Studio Solution File, Format Version 12.00
# Visual Studio Version 17
VisualStudioVersion = 17.5.002.0
MinimumVisualStudioVersion = 10.0.40219.1
Project("{9A19103F-16F7-4668-BE54-9A1E7A4F7556}") = "CrimeAnalyzer", "CrimeAnalyzer\CrimeAnalyzer.csproj", "{309403A9-245F-4C2D-AAA7-5CE1DEBBCE8F}"
EndProject
Global
	GlobalSection(SolutionConfigurationPlatforms) = preSolution
		Debug|Any CPU = Debug|Any CPU
		Release|Any CPU = Release|Any CPU
	EndGlobalSection
	GlobalSection(ProjectConfigurationPlatforms) = postSolution
		{309403A9-245F-4C2D-AAA7-5CE1DEBBCE8F}.Debug|Any CPU.ActiveCfg = Debug|Any CPU
		{309403A9-245F-4C2D-AAA7-5CE1DEBBCE8F}.Debug|Any CPU.Build.0 = Debug|Any CPU
		{309403A9-245F-4C2D-AAA7-5CE1DEBBCE8F}.Release|Any CPU.ActiveCfg = Release|Any CPU
		{309403A9-245F-4C2D-AAA7-5CE1DEBBCE8F}.Release|Any CPU.Build.0 = Release|Any CPU
	EndGlobalSection
	GlobalSection(SolutionProperties) = preSolution
		HideSolutionNode = FALSE
	EndGlobalSection
	GlobalSection(ExtensibilityGlobals) = postSolution
		SolutionGuid = {B943BD76-EE57-431D-A934-CD175F197C30}
	EndGlobalSection
EndGlobal
