
Microsoft Visual Studio Solution File, Format Version 12.00
# Visual Studio Version 17
VisualStudioVersion = 17.5.002.0
MinimumVisualStudioVersion = 10.0.40219.1
Project("{9A19103F-16F7-4668-BE54-9A1E7A4F7556}") = "AnalyzeMusicPlaylist", "AnalyzeMusicPlaylist.csproj", "{B8F3CF93-7A81-4D17-80F3-BBD92C902FB9}"
EndProject
Global
	GlobalSection(SolutionConfigurationPlatforms) = preSolution
		Debug|Any CPU = Debug|Any CPU
		Release|Any CPU = Release|Any CPU
	EndGlobalSection
	GlobalSection(ProjectConfigurationPlatforms) = postSolution
		{B8F3CF93-7A81-4D17-80F3-BBD92C902FB9}.Debug|Any CPU.ActiveCfg = Debug|Any CPU
		{B8F3CF93-7A81-4D17-80F3-BBD92C902FB9}.Debug|Any CPU.Build.0 = Debug|Any CPU
		{B8F3CF93-7A81-4D17-80F3-BBD92C902FB9}.Release|Any CPU.ActiveCfg = Release|Any CPU
		{B8F3CF93-7A81-4D17-80F3-BBD92C902FB9}.Release|Any CPU.Build.0 = Release|Any CPU
	EndGlobalSection
	GlobalSection(SolutionProperties) = preSolution
		HideSolutionNode = FALSE
	EndGlobalSection
	GlobalSection(ExtensibilityGlobals) = postSolution
		SolutionGuid = {5CB74844-71A5-4C9B-9117-CBE08F2C63DC}
	EndGlobalSection
EndGlobal
